
Microsoft Visual Studio Solution File, Format Version 12.00
# Visual Studio Version 17
VisualStudioVersion = 17.9.34728.123
MinimumVisualStudioVersion = 10.0.40219.1
Project("{9A19103F-16F7-4668-BE54-9A1E7A4F7556}") = "TrilhaApiDesafio", "trilha-net-api-desafio\TrilhaApiDesafio.csproj", "{CF57C994-1116-4CA3-BD0E-DF4FCB1FF42E}"
EndProject
Global
	GlobalSection(SolutionConfigurationPlatforms) = preSolution
		Debug|Any CPU = Debug|Any CPU
		Release|Any CPU = Release|Any CPU
	EndGlobalSection
	GlobalSection(ProjectConfigurationPlatforms) = postSolution
		{CF57C994-1116-4CA3-BD0E-DF4FCB1FF42E}.Debug|Any CPU.ActiveCfg = Debug|Any CPU
		{CF57C994-1116-4CA3-BD0E-DF4FCB1FF42E}.Debug|Any CPU.Build.0 = Debug|Any CPU
		{CF57C994-1116-4CA3-BD0E-DF4FCB1FF42E}.Release|Any CPU.ActiveCfg = Release|Any CPU
		{CF57C994-1116-4CA3-BD0E-DF4FCB1FF42E}.Release|Any CPU.Build.0 = Release|Any CPU
	EndGlobalSection
	GlobalSection(SolutionProperties) = preSolution
		HideSolutionNode = FALSE
	EndGlobalSection
	GlobalSection(ExtensibilityGlobals) = postSolution
		SolutionGuid = {27C94BE2-0801-45E6-B5D0-D123039C5EA8}
	EndGlobalSection
EndGlobal
